
Microsoft Visual Studio Solution File, Format Version 12.00
# Visual Studio 15
VisualStudioVersion = 15.0.28307.168
MinimumVisualStudioVersion = 10.0.40219.1
Project("{FAE04EC0-301F-11D3-BF4B-00C04F79EFBC}") = "Project 1", "Project 1\Project 1.csproj", "{463EFECD-87F5-40B0-9CCB-2F2BBEF9A9EB}"
EndProject
Global
	GlobalSection(SolutionConfigurationPlatforms) = preSolution
		Debug|Any CPU = Debug|Any CPU
		Release|Any CPU = Release|Any CPU
	EndGlobalSection
	GlobalSection(ProjectConfigurationPlatforms) = postSolution
		{463EFECD-87F5-40B0-9CCB-2F2BBEF9A9EB}.Debug|Any CPU.ActiveCfg = Debug|Any CPU
		{463EFECD-87F5-40B0-9CCB-2F2BBEF9A9EB}.Debug|Any CPU.Build.0 = Debug|Any CPU
		{463EFECD-87F5-40B0-9CCB-2F2BBEF9A9EB}.Release|Any CPU.ActiveCfg = Release|Any CPU
		{463EFECD-87F5-40B0-9CCB-2F2BBEF9A9EB}.Release|Any CPU.Build.0 = Release|Any CPU
	EndGlobalSection
	GlobalSection(SolutionProperties) = preSolution
		HideSolutionNode = FALSE
	EndGlobalSection
	GlobalSection(ExtensibilityGlobals) = postSolution
		SolutionGuid = {6469D60A-84BF-497D-9321-D6857A8A2591}
	EndGlobalSection
EndGlobal
